
Microsoft Visual Studio Solution File, Format Version 12.00
# Visual Studio Version 16
VisualStudioVersion = 16.0.29519.181
MinimumVisualStudioVersion = 10.0.40219.1
Project("{FAE04EC0-301F-11D3-BF4B-00C04F79EFBC}") = "Oyun", "Oyun\Oyun.csproj", "{5AA4FA7D-932D-4479-8446-5E1C563B2011}"
EndProject
Global
	GlobalSection(SolutionConfigurationPlatforms) = preSolution
		Debug|Any CPU = Debug|Any CPU
		Release|Any CPU = Release|Any CPU
	EndGlobalSection
	GlobalSection(ProjectConfigurationPlatforms) = postSolution
		{5AA4FA7D-932D-4479-8446-5E1C563B2011}.Debug|Any CPU.ActiveCfg = Debug|Any CPU
		{5AA4FA7D-932D-4479-8446-5E1C563B2011}.Debug|Any CPU.Build.0 = Debug|Any CPU
		{5AA4FA7D-932D-4479-8446-5E1C563B2011}.Release|Any CPU.ActiveCfg = Release|Any CPU
		{5AA4FA7D-932D-4479-8446-5E1C563B2011}.Release|Any CPU.Build.0 = Release|Any CPU
	EndGlobalSection
	GlobalSection(SolutionProperties) = preSolution
		HideSolutionNode = FALSE
	EndGlobalSection
	GlobalSection(ExtensibilityGlobals) = postSolution
		SolutionGuid = {B3047C08-3C32-42E9-81CE-FFBF314D2A4A}
	EndGlobalSection
EndGlobal
